
Microsoft Visual Studio Solution File, Format Version 12.00
# Visual Studio Version 17
VisualStudioVersion = 17.10.34707.107
MinimumVisualStudioVersion = 10.0.40219.1
Project("{FAE04EC0-301F-11D3-BF4B-00C04F79EFBC}") = "Mikroservices.Tutorial.Event.Store.Example", "Mikroservices.Tutorial.Event.Store.Example\Mikroservices.Tutorial.Event.Store.Example.csproj", "{3503A048-612A-4C92-9D76-EB977C677E02}"
EndProject
Global
	GlobalSection(SolutionConfigurationPlatforms) = preSolution
		Debug|Any CPU = Debug|Any CPU
		Release|Any CPU = Release|Any CPU
	EndGlobalSection
	GlobalSection(ProjectConfigurationPlatforms) = postSolution
		{3503A048-612A-4C92-9D76-EB977C677E02}.Debug|Any CPU.ActiveCfg = Debug|Any CPU
		{3503A048-612A-4C92-9D76-EB977C677E02}.Debug|Any CPU.Build.0 = Debug|Any CPU
		{3503A048-612A-4C92-9D76-EB977C677E02}.Release|Any CPU.ActiveCfg = Release|Any CPU
		{3503A048-612A-4C92-9D76-EB977C677E02}.Release|Any CPU.Build.0 = Release|Any CPU
	EndGlobalSection
	GlobalSection(SolutionProperties) = preSolution
		HideSolutionNode = FALSE
	EndGlobalSection
	GlobalSection(ExtensibilityGlobals) = postSolution
		SolutionGuid = {EBB72B39-2139-4296-86C1-936A34290DB3}
	EndGlobalSection
EndGlobal
